
Microsoft Visual Studio Solution File, Format Version 12.00
# Visual Studio Version 17
VisualStudioVersion = 17.5.33530.505
MinimumVisualStudioVersion = 10.0.40219.1
Project("{FAE04EC0-301F-11D3-BF4B-00C04F79EFBC}") = "HuffmanEncoding", "HuffmanEncoding\HuffmanEncoding.csproj", "{B393059F-AA4E-45A9-9B48-C34602DC51C8}"
EndProject
Project("{FAE04EC0-301F-11D3-BF4B-00C04F79EFBC}") = "TestSuite", "TestSuite\TestSuite\TestSuite.csproj", "{AF880116-11EE-4B4C-83F5-9E01FF0F8D68}"
EndProject
Global
	GlobalSection(SolutionConfigurationPlatforms) = preSolution
		Debug|Any CPU = Debug|Any CPU
		Release|Any CPU = Release|Any CPU
	EndGlobalSection
	GlobalSection(ProjectConfigurationPlatforms) = postSolution
		{B393059F-AA4E-45A9-9B48-C34602DC51C8}.Debug|Any CPU.ActiveCfg = Debug|Any CPU
		{B393059F-AA4E-45A9-9B48-C34602DC51C8}.Debug|Any CPU.Build.0 = Debug|Any CPU
		{B393059F-AA4E-45A9-9B48-C34602DC51C8}.Release|Any CPU.ActiveCfg = Release|Any CPU
		{B393059F-AA4E-45A9-9B48-C34602DC51C8}.Release|Any CPU.Build.0 = Release|Any CPU
		{AF880116-11EE-4B4C-83F5-9E01FF0F8D68}.Debug|Any CPU.ActiveCfg = Debug|Any CPU
		{AF880116-11EE-4B4C-83F5-9E01FF0F8D68}.Debug|Any CPU.Build.0 = Debug|Any CPU
		{AF880116-11EE-4B4C-83F5-9E01FF0F8D68}.Release|Any CPU.ActiveCfg = Release|Any CPU
		{AF880116-11EE-4B4C-83F5-9E01FF0F8D68}.Release|Any CPU.Build.0 = Release|Any CPU
	EndGlobalSection
	GlobalSection(SolutionProperties) = preSolution
		HideSolutionNode = FALSE
	EndGlobalSection
	GlobalSection(ExtensibilityGlobals) = postSolution
		SolutionGuid = {F550AE3E-0D5F-433F-AE67-BBA78CB5643C}
	EndGlobalSection
EndGlobal
